<?xml version="1.0" encoding="utf-8"?>
<Project ToolsVersion="4.0" xmlns="http://schemas.microsoft.com/developer/msbuild/2003">
  <ItemGroup>
    <ClInclude Include="..\..\Classes\GameBoxMan\GameBoxMan.res.h">
      <Filter>源文件</Filter>
    </ClInclude>
    <ClInclude Include="..\..\Classes\GameBoxMan\GameBoxMan.h">
      <Filter>源文件</Filter>
    </ClInclude>
  </ItemGroup>
  <ItemGroup>
    <Filter Include="源文件">
      <UniqueIdentifier>{561095d0-8974-43ca-92cf-1495a15c0b4e}</UniqueIdentifier>
    </Filter>
  </ItemGroup>
  <ItemGroup>
    <ClCompile Include="..\..\Classes\GameBoxMan\GameBoxMan.cpp">
      <Filter>源文件</Filter>
    </ClCompile>
  </ItemGroup>
</Project>