<?xml version="1.0" encoding="utf-8"?>
<Project ToolsVersion="4.0" xmlns="http://schemas.microsoft.com/developer/msbuild/2003">
  <ItemGroup>
    <ClCompile Include="..\..\Classes\GameArrow\GameArrow.cpp">
      <Filter>源文件</Filter>
    </ClCompile>
    <ClCompile Include="..\..\Classes\GameArrow\NumberSprite.cpp">
      <Filter>源文件</Filter>
    </ClCompile>
  </ItemGroup>
  <ItemGroup>
    <ClInclude Include="..\..\Classes\GameArrow\NumberSprite.h">
      <Filter>源文件</Filter>
    </ClInclude>
    <ClInclude Include="..\..\Classes\GameArrow\GameArrow.h">
      <Filter>源文件</Filter>
    </ClInclude>
    <ClInclude Include="..\..\Classes\GameArrow\GameArrow.res.h">
      <Filter>源文件</Filter>
    </ClInclude>
  </ItemGroup>
  <ItemGroup>
    <Filter Include="源文件">
      <UniqueIdentifier>{98f54f86-0c19-48f8-a45f-b112c4426f1d}</UniqueIdentifier>
    </Filter>
  </ItemGroup>
</Project>